
Microsoft Visual Studio Solution File, Format Version 12.00
# Visual Studio 15
VisualStudioVersion = 15.0.28010.2046
MinimumVisualStudioVersion = 10.0.40219.1
Project("{FAE04EC0-301F-11D3-BF4B-00C04F79EFBC}") = "WebBHDT", "WebBHDT\WebBHDT.csproj", "{D88A7DF1-4D6A-4094-BF5E-C3A433E2D7DF}"
EndProject
Project("{FAE04EC0-301F-11D3-BF4B-00C04F79EFBC}") = "WebBHDT1.Model", "WebBHDT1.Model\WebBHDT1.Model.csproj", "{0032E08D-4882-47D3-8468-90D6AC0BBDCB}"
EndProject
Global
	GlobalSection(SolutionConfigurationPlatforms) = preSolution
		Debug|Any CPU = Debug|Any CPU
		Release|Any CPU = Release|Any CPU
	EndGlobalSection
	GlobalSection(ProjectConfigurationPlatforms) = postSolution
		{D88A7DF1-4D6A-4094-BF5E-C3A433E2D7DF}.Debug|Any CPU.ActiveCfg = Debug|Any CPU
		{D88A7DF1-4D6A-4094-BF5E-C3A433E2D7DF}.Debug|Any CPU.Build.0 = Debug|Any CPU
		{D88A7DF1-4D6A-4094-BF5E-C3A433E2D7DF}.Release|Any CPU.ActiveCfg = Release|Any CPU
		{D88A7DF1-4D6A-4094-BF5E-C3A433E2D7DF}.Release|Any CPU.Build.0 = Release|Any CPU
		{0032E08D-4882-47D3-8468-90D6AC0BBDCB}.Debug|Any CPU.ActiveCfg = Debug|Any CPU
		{0032E08D-4882-47D3-8468-90D6AC0BBDCB}.Debug|Any CPU.Build.0 = Debug|Any CPU
		{0032E08D-4882-47D3-8468-90D6AC0BBDCB}.Release|Any CPU.ActiveCfg = Release|Any CPU
		{0032E08D-4882-47D3-8468-90D6AC0BBDCB}.Release|Any CPU.Build.0 = Release|Any CPU
	EndGlobalSection
	GlobalSection(SolutionProperties) = preSolution
		HideSolutionNode = FALSE
	EndGlobalSection
	GlobalSection(ExtensibilityGlobals) = postSolution
		SolutionGuid = {27981640-70B2-4957-96EB-516568747E0F}
	EndGlobalSection
EndGlobal
