
Microsoft Visual Studio Solution File, Format Version 12.00
# Visual Studio Version 16
VisualStudioVersion = 16.0.31205.134
MinimumVisualStudioVersion = 10.0.40219.1
Project("{FAE04EC0-301F-11D3-BF4B-00C04F79EFBC}") = "demo", "demo\demo.csproj", "{7B0C1D82-4EF1-4F9A-92EA-8E25EB83E108}"
EndProject
Global
	GlobalSection(SolutionConfigurationPlatforms) = preSolution
		Debug|Any CPU = Debug|Any CPU
		Release|Any CPU = Release|Any CPU
	EndGlobalSection
	GlobalSection(ProjectConfigurationPlatforms) = postSolution
		{7B0C1D82-4EF1-4F9A-92EA-8E25EB83E108}.Debug|Any CPU.ActiveCfg = Debug|Any CPU
		{7B0C1D82-4EF1-4F9A-92EA-8E25EB83E108}.Debug|Any CPU.Build.0 = Debug|Any CPU
		{7B0C1D82-4EF1-4F9A-92EA-8E25EB83E108}.Release|Any CPU.ActiveCfg = Release|Any CPU
		{7B0C1D82-4EF1-4F9A-92EA-8E25EB83E108}.Release|Any CPU.Build.0 = Release|Any CPU
	EndGlobalSection
	GlobalSection(SolutionProperties) = preSolution
		HideSolutionNode = FALSE
	EndGlobalSection
	GlobalSection(ExtensibilityGlobals) = postSolution
		SolutionGuid = {B7D0F767-3EED-4EC8-8BC9-651B89D32753}
	EndGlobalSection
EndGlobal
